
Microsoft Visual Studio Solution File, Format Version 12.00
# Visual Studio 2012
Project("{FAE04EC0-301F-11D3-BF4B-00C04F79EFBC}") = "multiple_exceptions", "multiple_exceptions\multiple_exceptions.csproj", "{F7C091F6-7CB4-4D75-B5DF-99192C1B17CE}"
EndProject
Global
	GlobalSection(SolutionConfigurationPlatforms) = preSolution
		Debug|Any CPU = Debug|Any CPU
		Release|Any CPU = Release|Any CPU
	EndGlobalSection
	GlobalSection(ProjectConfigurationPlatforms) = postSolution
		{F7C091F6-7CB4-4D75-B5DF-99192C1B17CE}.Debug|Any CPU.ActiveCfg = Debug|Any CPU
		{F7C091F6-7CB4-4D75-B5DF-99192C1B17CE}.Debug|Any CPU.Build.0 = Debug|Any CPU
		{F7C091F6-7CB4-4D75-B5DF-99192C1B17CE}.Release|Any CPU.ActiveCfg = Release|Any CPU
		{F7C091F6-7CB4-4D75-B5DF-99192C1B17CE}.Release|Any CPU.Build.0 = Release|Any CPU
	EndGlobalSection
EndGlobal
